
Microsoft Visual Studio Solution File, Format Version 12.00
# Visual Studio Version 17
VisualStudioVersion = 17.0.32112.339
MinimumVisualStudioVersion = 10.0.40219.1
Project("{9A19103F-16F7-4668-BE54-9A1E7A4F7556}") = "DoAn_LTHDT_21880067", "DoAn_LTHDT_21880067.csproj", "{37E6453B-036A-4DF6-BE18-1E92F59D532F}"
EndProject
Project("{9A19103F-16F7-4668-BE54-9A1E7A4F7556}") = "Entities", "..\Entities\Entities.csproj", "{5F190999-DF12-4E22-9729-904C0AE139D9}"
EndProject
Project("{9A19103F-16F7-4668-BE54-9A1E7A4F7556}") = "Services", "..\Services\Services.csproj", "{39A6E4E3-7896-4721-91EB-508AE7751803}"
EndProject
Project("{9A19103F-16F7-4668-BE54-9A1E7A4F7556}") = "DAL", "..\DAL\DAL.csproj", "{10F59DFA-8376-4BF5-9BB1-56691927D3C5}"
EndProject
Project("{2150E333-8FDC-42A3-9474-1A3956D46DE8}") = "Solution Items", "Solution Items", "{8236B94B-82F4-4282-ACB4-7AA4229A44A3}"
	ProjectSection(SolutionItems) = preProject
		.editorconfig = .editorconfig
	EndProjectSection
EndProject
Global
	GlobalSection(SolutionConfigurationPlatforms) = preSolution
		Debug|Any CPU = Debug|Any CPU
		Release|Any CPU = Release|Any CPU
	EndGlobalSection
	GlobalSection(ProjectConfigurationPlatforms) = postSolution
		{37E6453B-036A-4DF6-BE18-1E92F59D532F}.Debug|Any CPU.ActiveCfg = Debug|Any CPU
		{37E6453B-036A-4DF6-BE18-1E92F59D532F}.Debug|Any CPU.Build.0 = Debug|Any CPU
		{37E6453B-036A-4DF6-BE18-1E92F59D532F}.Release|Any CPU.ActiveCfg = Release|Any CPU
		{37E6453B-036A-4DF6-BE18-1E92F59D532F}.Release|Any CPU.Build.0 = Release|Any CPU
		{5F190999-DF12-4E22-9729-904C0AE139D9}.Debug|Any CPU.ActiveCfg = Debug|Any CPU
		{5F190999-DF12-4E22-9729-904C0AE139D9}.Debug|Any CPU.Build.0 = Debug|Any CPU
		{5F190999-DF12-4E22-9729-904C0AE139D9}.Release|Any CPU.ActiveCfg = Release|Any CPU
		{5F190999-DF12-4E22-9729-904C0AE139D9}.Release|Any CPU.Build.0 = Release|Any CPU
		{39A6E4E3-7896-4721-91EB-508AE7751803}.Debug|Any CPU.ActiveCfg = Debug|Any CPU
		{39A6E4E3-7896-4721-91EB-508AE7751803}.Debug|Any CPU.Build.0 = Debug|Any CPU
		{39A6E4E3-7896-4721-91EB-508AE7751803}.Release|Any CPU.ActiveCfg = Release|Any CPU
		{39A6E4E3-7896-4721-91EB-508AE7751803}.Release|Any CPU.Build.0 = Release|Any CPU
		{10F59DFA-8376-4BF5-9BB1-56691927D3C5}.Debug|Any CPU.ActiveCfg = Debug|Any CPU
		{10F59DFA-8376-4BF5-9BB1-56691927D3C5}.Debug|Any CPU.Build.0 = Debug|Any CPU
		{10F59DFA-8376-4BF5-9BB1-56691927D3C5}.Release|Any CPU.ActiveCfg = Release|Any CPU
		{10F59DFA-8376-4BF5-9BB1-56691927D3C5}.Release|Any CPU.Build.0 = Release|Any CPU
	EndGlobalSection
	GlobalSection(SolutionProperties) = preSolution
		HideSolutionNode = FALSE
	EndGlobalSection
	GlobalSection(ExtensibilityGlobals) = postSolution
		SolutionGuid = {8C74D8DF-E261-421C-B95C-84405B65363C}
	EndGlobalSection
EndGlobal
